
Microsoft Visual Studio Solution File, Format Version 12.00
# Visual Studio Version 17
VisualStudioVersion = 17.0.31903.59
MinimumVisualStudioVersion = 10.0.40219.1
Project("{FAE04EC0-301F-11D3-BF4B-00C04F79EFBC}") = "API", "API\API.csproj", "{17208CDF-2743-48B4-B31F-769A9FD4A67C}"
EndProject
Project("{FAE04EC0-301F-11D3-BF4B-00C04F79EFBC}") = "core", "core\core.csproj", "{B285ADAF-A856-4006-A67B-720F0D3495FD}"
EndProject
Project("{FAE04EC0-301F-11D3-BF4B-00C04F79EFBC}") = "Infrastructure", "Infrastructure\Infrastructure.csproj", "{5FD2F4A9-EB9C-4702-813C-97DEB9603634}"
EndProject
Global
	GlobalSection(SolutionConfigurationPlatforms) = preSolution
		Debug|Any CPU = Debug|Any CPU
		Release|Any CPU = Release|Any CPU
	EndGlobalSection
	GlobalSection(SolutionProperties) = preSolution
		HideSolutionNode = FALSE
	EndGlobalSection
	GlobalSection(ProjectConfigurationPlatforms) = postSolution
		{17208CDF-2743-48B4-B31F-769A9FD4A67C}.Debug|Any CPU.ActiveCfg = Debug|Any CPU
		{17208CDF-2743-48B4-B31F-769A9FD4A67C}.Debug|Any CPU.Build.0 = Debug|Any CPU
		{17208CDF-2743-48B4-B31F-769A9FD4A67C}.Release|Any CPU.ActiveCfg = Release|Any CPU
		{17208CDF-2743-48B4-B31F-769A9FD4A67C}.Release|Any CPU.Build.0 = Release|Any CPU
		{B285ADAF-A856-4006-A67B-720F0D3495FD}.Debug|Any CPU.ActiveCfg = Debug|Any CPU
		{B285ADAF-A856-4006-A67B-720F0D3495FD}.Debug|Any CPU.Build.0 = Debug|Any CPU
		{B285ADAF-A856-4006-A67B-720F0D3495FD}.Release|Any CPU.ActiveCfg = Release|Any CPU
		{B285ADAF-A856-4006-A67B-720F0D3495FD}.Release|Any CPU.Build.0 = Release|Any CPU
		{5FD2F4A9-EB9C-4702-813C-97DEB9603634}.Debug|Any CPU.ActiveCfg = Debug|Any CPU
		{5FD2F4A9-EB9C-4702-813C-97DEB9603634}.Debug|Any CPU.Build.0 = Debug|Any CPU
		{5FD2F4A9-EB9C-4702-813C-97DEB9603634}.Release|Any CPU.ActiveCfg = Release|Any CPU
		{5FD2F4A9-EB9C-4702-813C-97DEB9603634}.Release|Any CPU.Build.0 = Release|Any CPU
	EndGlobalSection
EndGlobal
